
Microsoft Visual Studio Solution File, Format Version 12.00
# Visual Studio Version 17
VisualStudioVersion = 17.1.32414.318
MinimumVisualStudioVersion = 10.0.40219.1
Project("{9A19103F-16F7-4668-BE54-9A1E7A4F7556}") = "ConsoleApp9.6.2", "ConsoleApp9\ConsoleApp9.6.2.csproj", "{68A91C53-6DCF-45EA-8296-5BB561FEBCDA}"
EndProject
Project("{9A19103F-16F7-4668-BE54-9A1E7A4F7556}") = "ConsoleApp9.6.1", "ConsoleApp9.6.1\ConsoleApp9.6.1.csproj", "{3737C38F-2844-48C1-8539-5E8C2E42A37E}"
EndProject
Global
	GlobalSection(SolutionConfigurationPlatforms) = preSolution
		Debug|Any CPU = Debug|Any CPU
		Release|Any CPU = Release|Any CPU
	EndGlobalSection
	GlobalSection(ProjectConfigurationPlatforms) = postSolution
		{68A91C53-6DCF-45EA-8296-5BB561FEBCDA}.Debug|Any CPU.ActiveCfg = Debug|Any CPU
		{68A91C53-6DCF-45EA-8296-5BB561FEBCDA}.Debug|Any CPU.Build.0 = Debug|Any CPU
		{68A91C53-6DCF-45EA-8296-5BB561FEBCDA}.Release|Any CPU.ActiveCfg = Release|Any CPU
		{68A91C53-6DCF-45EA-8296-5BB561FEBCDA}.Release|Any CPU.Build.0 = Release|Any CPU
		{3737C38F-2844-48C1-8539-5E8C2E42A37E}.Debug|Any CPU.ActiveCfg = Debug|Any CPU
		{3737C38F-2844-48C1-8539-5E8C2E42A37E}.Debug|Any CPU.Build.0 = Debug|Any CPU
		{3737C38F-2844-48C1-8539-5E8C2E42A37E}.Release|Any CPU.ActiveCfg = Release|Any CPU
		{3737C38F-2844-48C1-8539-5E8C2E42A37E}.Release|Any CPU.Build.0 = Release|Any CPU
	EndGlobalSection
	GlobalSection(SolutionProperties) = preSolution
		HideSolutionNode = FALSE
	EndGlobalSection
	GlobalSection(ExtensibilityGlobals) = postSolution
		SolutionGuid = {FA56A066-DCF4-43B3-9622-4D0323CD2D7C}
	EndGlobalSection
EndGlobal
